
Microsoft Visual Studio Solution File, Format Version 12.00
# Visual Studio Version 16
VisualStudioVersion = 16.0.31729.503
MinimumVisualStudioVersion = 10.0.40219.1
Project("{FAE04EC0-301F-11D3-BF4B-00C04F79EFBC}") = "Kafka.Consumer", "Kafka.Consumer\Kafka.Consumer.csproj", "{7005A653-3840-4918-8832-C25BC76358D7}"
EndProject
Project("{FAE04EC0-301F-11D3-BF4B-00C04F79EFBC}") = "Kafka.Producer", "Kafka.Producer\Kafka.Producer.csproj", "{64827892-3183-472E-8A1F-D99952B4A81F}"
EndProject
Project("{FAE04EC0-301F-11D3-BF4B-00C04F79EFBC}") = "KafkaDemo", "KafkaDemo\KafkaDemo.csproj", "{2E2A85AC-775F-4422-9CC8-8543921AC958}"
EndProject
Project("{FAE04EC0-301F-11D3-BF4B-00C04F79EFBC}") = "Kafka.Message", "Kafka.Message\Kafka.Message.csproj", "{B3569DFE-60DB-422F-885E-6C212CA6A115}"
EndProject
Global
	GlobalSection(SolutionConfigurationPlatforms) = preSolution
		Debug|Any CPU = Debug|Any CPU
		Release|Any CPU = Release|Any CPU
	EndGlobalSection
	GlobalSection(ProjectConfigurationPlatforms) = postSolution
		{7005A653-3840-4918-8832-C25BC76358D7}.Debug|Any CPU.ActiveCfg = Debug|Any CPU
		{7005A653-3840-4918-8832-C25BC76358D7}.Debug|Any CPU.Build.0 = Debug|Any CPU
		{7005A653-3840-4918-8832-C25BC76358D7}.Release|Any CPU.ActiveCfg = Release|Any CPU
		{7005A653-3840-4918-8832-C25BC76358D7}.Release|Any CPU.Build.0 = Release|Any CPU
		{64827892-3183-472E-8A1F-D99952B4A81F}.Debug|Any CPU.ActiveCfg = Debug|Any CPU
		{64827892-3183-472E-8A1F-D99952B4A81F}.Debug|Any CPU.Build.0 = Debug|Any CPU
		{64827892-3183-472E-8A1F-D99952B4A81F}.Release|Any CPU.ActiveCfg = Release|Any CPU
		{64827892-3183-472E-8A1F-D99952B4A81F}.Release|Any CPU.Build.0 = Release|Any CPU
		{2E2A85AC-775F-4422-9CC8-8543921AC958}.Debug|Any CPU.ActiveCfg = Debug|Any CPU
		{2E2A85AC-775F-4422-9CC8-8543921AC958}.Debug|Any CPU.Build.0 = Debug|Any CPU
		{2E2A85AC-775F-4422-9CC8-8543921AC958}.Release|Any CPU.ActiveCfg = Release|Any CPU
		{2E2A85AC-775F-4422-9CC8-8543921AC958}.Release|Any CPU.Build.0 = Release|Any CPU
		{B3569DFE-60DB-422F-885E-6C212CA6A115}.Debug|Any CPU.ActiveCfg = Debug|Any CPU
		{B3569DFE-60DB-422F-885E-6C212CA6A115}.Debug|Any CPU.Build.0 = Debug|Any CPU
		{B3569DFE-60DB-422F-885E-6C212CA6A115}.Release|Any CPU.ActiveCfg = Release|Any CPU
		{B3569DFE-60DB-422F-885E-6C212CA6A115}.Release|Any CPU.Build.0 = Release|Any CPU
	EndGlobalSection
	GlobalSection(SolutionProperties) = preSolution
		HideSolutionNode = FALSE
	EndGlobalSection
	GlobalSection(ExtensibilityGlobals) = postSolution
		SolutionGuid = {D4CE8C6F-D431-402A-8F79-9A7D3D44A9E5}
	EndGlobalSection
EndGlobal
